{
  "version": 4,
  "terraform_version": "1.14.0",
  "serial": 35,
  "lineage": "1f61ff24-d36c-620e-e4c6-5d5949488033",
  "outputs": {},
  "resources": [
    {
      "mode": "managed",
      "type": "vcluster_secret",
      "name": "database",
      "provider": "provider[\"local/vcluster/vcluster\"]",
      "instances": [
        {
          "schema_version": 0,
          "attributes": {
            "created_at": "2025-12-28T11:38:11Z",
            "data": {
              "database": "mydb",
              "host": "db.example.com",
              "password": "dbpassword",
              "port": "5432",
              "user": "dbuser"
            },
            "description": "Database connection credentials",
            "id": "0875acf8-b2b3-4d44-b9ae-0db4876c1593",
            "name": "database-credentials",
            "updated_at": "2025-12-28T11:38:11Z"
          },
          "sensitive_attributes": [
            [
              {
                "type": "get_attr",
                "value": "data"
              }
            ]
          ],
          "identity_schema_version": 0,
          "private": "bnVsbA=="
        }
      ]
    }
  ],
  "check_results": null
}
